// !$*UTF8*$!
{
	archiveVersion = 1;
	classes = {
	};
	objectVersion = 56;
	objects = {

/* Begin PBXBuildFile section */
		E149A85F29AA931E00A01833 /* Screenshot_AnalysisApp.swift in Sources */ = {isa = PBXBuildFile; fileRef = E149A85E29AA931E00A01833 /* Screenshot_AnalysisApp.swift */; };
		E149A86129AA931E00A01833 /* ContentView.swift in Sources */ = {isa = PBXBuildFile; fileRef = E149A86029AA931E00A01833 /* ContentView.swift */; };
		E149A86329AA931F00A01833 /* Assets.xcassets in Resources */ = {isa = PBXBuildFile; fileRef = E149A86229AA931F00A01833 /* Assets.xcassets */; };
		E149A86629AA931F00A01833 /* Preview Assets.xcassets in Resources */ = {isa = PBXBuildFile; fileRef = E149A86529AA931F00A01833 /* Preview Assets.xcassets */; };
		E149A87029AA95AA00A01833 /* Screenshot.swift in Sources */ = {isa = PBXBuildFile; fileRef = E149A86F29AA95AA00A01833 /* Screenshot.swift */; };
		E149A87229AA976300A01833 /* SidebarView.swift in Sources */ = {isa = PBXBuildFile; fileRef = E149A87129AA976300A01833 /* SidebarView.swift */; };
		E149A87429AABA5300A01833 /* ScreenshotView.swift in Sources */ = {isa = PBXBuildFile; fileRef = E149A87329AABA5300A01833 /* ScreenshotView.swift */; };
		F5034E8CB13771E7B77D8A96 /* Pods_Screenshot_Analysis.framework in Frameworks */ = {isa = PBXBuildFile; fileRef = AEFC518293C7D27F8C6D8D6B /* Pods_Screenshot_Analysis.framework */; };
/* End PBXBuildFile section */

/* Begin PBXFileReference section */
		AEFC518293C7D27F8C6D8D6B /* Pods_Screenshot_Analysis.framework */ = {isa = PBXFileReference; explicitFileType = wrapper.framework; includeInIndex = 0; path = Pods_Screenshot_Analysis.framework; sourceTree = BUILT_PRODUCTS_DIR; };
		D04C322E4A9101A7C96FFE48 /* Pods-Screenshot Analysis.release.xcconfig */ = {isa = PBXFileReference; includeInIndex = 1; lastKnownFileType = text.xcconfig; name = "Pods-Screenshot Analysis.release.xcconfig"; path = "Target Support Files/Pods-Screenshot Analysis/Pods-Screenshot Analysis.release.xcconfig"; sourceTree = "<group>"; };
		E149A85B29AA931E00A01833 /* Screenshot Analysis.app */ = {isa = PBXFileReference; explicitFileType = wrapper.application; includeInIndex = 0; path = "Screenshot Analysis.app"; sourceTree = BUILT_PRODUCTS_DIR; };
		E149A85E29AA931E00A01833 /* Screenshot_AnalysisApp.swift */ = {isa = PBXFileReference; lastKnownFileType = sourcecode.swift; path = Screenshot_AnalysisApp.swift; sourceTree = "<group>"; };
		E149A86029AA931E00A01833 /* ContentView.swift */ = {isa = PBXFileReference; lastKnownFileType = sourcecode.swift; path = ContentView.swift; sourceTree = "<group>"; };
		E149A86229AA931F00A01833 /* Assets.xcassets */ = {isa = PBXFileReference; lastKnownFileType = folder.assetcatalog; path = Assets.xcassets; sourceTree = "<group>"; };
		E149A86529AA931F00A01833 /* Preview Assets.xcassets */ = {isa = PBXFileReference; lastKnownFileType = folder.assetcatalog; path = "Preview Assets.xcassets"; sourceTree = "<group>"; };
		E149A86729AA931F00A01833 /* Screenshot_Analysis.entitlements */ = {isa = PBXFileReference; lastKnownFileType = text.plist.entitlements; path = Screenshot_Analysis.entitlements; sourceTree = "<group>"; };
		E149A86F29AA95AA00A01833 /* Screenshot.swift */ = {isa = PBXFileReference; lastKnownFileType = sourcecode.swift; path = Screenshot.swift; sourceTree = "<group>"; };
		E149A87129AA976300A01833 /* SidebarView.swift */ = {isa = PBXFileReference; lastKnownFileType = sourcecode.swift; path = SidebarView.swift; sourceTree = "<group>"; };
		E149A87329AABA5300A01833 /* ScreenshotView.swift */ = {isa = PBXFileReference; lastKnownFileType = sourcecode.swift; path = ScreenshotView.swift; sourceTree = "<group>"; };
		E26983BF5E95ADCFBD988422 /* Pods-Screenshot Analysis.debug.xcconfig */ = {isa = PBXFileReference; includeInIndex = 1; lastKnownFileType = text.xcconfig; name = "Pods-Screenshot Analysis.debug.xcconfig"; path = "Target Support Files/Pods-Screenshot Analysis/Pods-Screenshot Analysis.debug.xcconfig"; sourceTree = "<group>"; };
/* End PBXFileReference section */

/* Begin PBXFrameworksBuildPhase section */
		E149A85829AA931E00A01833 /* Frameworks */ = {
			isa = PBXFrameworksBuildPhase;
			buildActionMask = 2147483647;
			files = (
				F5034E8CB13771E7B77D8A96 /* Pods_Screenshot_Analysis.framework in Frameworks */,
			);
			runOnlyForDeploymentPostprocessing = 0;
		};
/* End PBXFrameworksBuildPhase section */

/* Begin PBXGroup section */
		19B64C1A50F9295987CA5A78 /* Pods */ = {
			isa = PBXGroup;
			children = (
				E26983BF5E95ADCFBD988422 /* Pods-Screenshot Analysis.debug.xcconfig */,
				D04C322E4A9101A7C96FFE48 /* Pods-Screenshot Analysis.release.xcconfig */,
			);
			name = Pods;
			path = Pods;
			sourceTree = "<group>";
		};
		E149A85229AA931E00A01833 = {
			isa = PBXGroup;
			children = (
				E149A85D29AA931E00A01833 /* Screenshot Analysis */,
				E149A85C29AA931E00A01833 /* Products */,
				19B64C1A50F9295987CA5A78 /* Pods */,
				EDFDE13BEDA2158722A7868E /* Frameworks */,
			);
			sourceTree = "<group>";
		};
		E149A85C29AA931E00A01833 /* Products */ = {
			isa = PBXGroup;
			children = (
				E149A85B29AA931E00A01833 /* Screenshot Analysis.app */,
			);
			name = Products;
			sourceTree = "<group>";
		};
		E149A85D29AA931E00A01833 /* Screenshot Analysis */ = {
			isa = PBXGroup;
			children = (
				E149A85E29AA931E00A01833 /* Screenshot_AnalysisApp.swift */,
				E149A86029AA931E00A01833 /* ContentView.swift */,
				E149A87129AA976300A01833 /* SidebarView.swift */,
				E149A87329AABA5300A01833 /* ScreenshotView.swift */,
				E149A86F29AA95AA00A01833 /* Screenshot.swift */,
				E149A86229AA931F00A01833 /* Assets.xcassets */,
				E149A86729AA931F00A01833 /* Screenshot_Analysis.entitlements */,
				E149A86429AA931F00A01833 /* Preview Content */,
			);
			path = "Screenshot Analysis";
			sourceTree = "<group>";
		};
		E149A86429AA931F00A01833 /* Preview Content */ = {
			isa = PBXGroup;
			children = (
				E149A86529AA931F00A01833 /* Preview Assets.xcassets */,
			);
			path = "Preview Content";
			sourceTree = "<group>";
		};
		EDFDE13BEDA2158722A7868E /* Frameworks */ = {
			isa = PBXGroup;
			children = (
				AEFC518293C7D27F8C6D8D6B /* Pods_Screenshot_Analysis.framework */,
			);
			name = Frameworks;
			sourceTree = "<group>";
		};
/* End PBXGroup section */

/* Begin PBXNativeTarget section */
		E149A85A29AA931E00A01833 /* Screenshot Analysis */ = {
			isa = PBXNativeTarget;
			buildConfigurationList = E149A86A29AA931F00A01833 /* Build configuration list for PBXNativeTarget "Screenshot Analysis" */;
			buildPhases = (
				6834383223375F2E51DA51A1 /* [CP] Check Pods Manifest.lock */,
				E149A85729AA931E00A01833 /* Sources */,
				E149A85829AA931E00A01833 /* Frameworks */,
				E149A85929AA931E00A01833 /* Resources */,
				81811DFCBC12E3BB6AF51112 /* [CP] Embed Pods Frameworks */,
			);
			buildRules = (
			);
			dependencies = (
			);
			name = "Screenshot Analysis";
			productName = "Screenshot Analysis";
			productReference = E149A85B29AA931E00A01833 /* Screenshot Analysis.app */;
			productType = "com.apple.product-type.application";
		};
/* End PBXNativeTarget section */

/* Begin PBXProject section */
		E149A85329AA931E00A01833 /* Project object */ = {
			isa = PBXProject;
			attributes = {
				BuildIndependentTargetsInParallel = 1;
				LastSwiftUpdateCheck = 1400;
				LastUpgradeCheck = 1400;
				TargetAttributes = {
					E149A85A29AA931E00A01833 = {
						CreatedOnToolsVersion = 14.0.1;
					};
				};
			};
			buildConfigurationList = E149A85629AA931E00A01833 /* Build configuration list for PBXProject "Screenshot Analysis" */;
			compatibilityVersion = "Xcode 14.0";
			developmentRegion = en;
			hasScannedForEncodings = 0;
			knownRegions = (
				en,
				Base,
			);
			mainGroup = E149A85229AA931E00A01833;
			productRefGroup = E149A85C29AA931E00A01833 /* Products */;
			projectDirPath = "";
			projectRoot = "";
			targets = (
				E149A85A29AA931E00A01833 /* Screenshot Analysis */,
			);
		};
/* End PBXProject section */

/* Begin PBXResourcesBuildPhase section */
		E149A85929AA931E00A01833 /* Resources */ = {
			isa = PBXResourcesBuildPhase;
			buildActionMask = 2147483647;
			files = (
				E149A86629AA931F00A01833 /* Preview Assets.xcassets in Resources */,
				E149A86329AA931F00A01833 /* Assets.xcassets in Resources */,
			);
			runOnlyForDeploymentPostprocessing = 0;
		};
/* End PBXResourcesBuildPhase section */

/* Begin PBXShellScriptBuildPhase section */
		6834383223375F2E51DA51A1 /* [CP] Check Pods Manifest.lock */ = {
			isa = PBXShellScriptBuildPhase;
			buildActionMask = 2147483647;
			files = (
			);
			inputFileListPaths = (
			);
			inputPaths = (
				"${PODS_PODFILE_DIR_PATH}/Podfile.lock",
				"${PODS_ROOT}/Manifest.lock",
			);
			name = "[CP] Check Pods Manifest.lock";
			outputFileListPaths = (
			);
			outputPaths = (
				"$(DERIVED_FILE_DIR)/Pods-Screenshot Analysis-checkManifestLockResult.txt",
			);
			runOnlyForDeploymentPostprocessing = 0;
			shellPath = /bin/sh;
			shellScript = "diff \"${PODS_PODFILE_DIR_PATH}/Podfile.lock\" \"${PODS_ROOT}/Manifest.lock\" > /dev/null\nif [ $? != 0 ] ; then\n    # print error to STDERR\n    echo \"error: The sandbox is not in sync with the Podfile.lock. Run 'pod install' or update your CocoaPods installation.\" >&2\n    exit 1\nfi\n# This output is used by Xcode 'outputs' to avoid re-running this script phase.\necho \"SUCCESS\" > \"${SCRIPT_OUTPUT_FILE_0}\"\n";
			showEnvVarsInLog = 0;
		};
		81811DFCBC12E3BB6AF51112 /* [CP] Embed Pods Frameworks */ = {
			isa = PBXShellScriptBuildPhase;
			buildActionMask = 2147483647;
			files = (
			);
			inputFileListPaths = (
				"${PODS_ROOT}/Target Support Files/Pods-Screenshot Analysis/Pods-Screenshot Analysis-frameworks-${CONFIGURATION}-input-files.xcfilelist",
			);
			name = "[CP] Embed Pods Frameworks";
			outputFileListPaths = (
				"${PODS_ROOT}/Target Support Files/Pods-Screenshot Analysis/Pods-Screenshot Analysis-frameworks-${CONFIGURATION}-output-files.xcfilelist",
			);
			runOnlyForDeploymentPostprocessing = 0;
			shellPath = /bin/sh;
			shellScript = "\"${PODS_ROOT}/Target Support Files/Pods-Screenshot Analysis/Pods-Screenshot Analysis-frameworks.sh\"\n";
			showEnvVarsInLog = 0;
		};
/* End PBXShellScriptBuildPhase section */

/* Begin PBXSourcesBuildPhase section */
		E149A85729AA931E00A01833 /* Sources */ = {
			isa = PBXSourcesBuildPhase;
			buildActionMask = 2147483647;
			files = (
				E149A87429AABA5300A01833 /* ScreenshotView.swift in Sources */,
				E149A86129AA931E00A01833 /* ContentView.swift in Sources */,
				E149A87229AA976300A01833 /* SidebarView.swift in Sources */,
				E149A87029AA95AA00A01833 /* Screenshot.swift in Sources */,
				E149A85F29AA931E00A01833 /* Screenshot_AnalysisApp.swift in Sources */,
			);
			runOnlyForDeploymentPostprocessing = 0;
		};
/* End PBXSourcesBuildPhase section */

/* Begin XCBuildConfiguration section */
		E149A86829AA931F00A01833 /* Debug */ = {
			isa = XCBuildConfiguration;
			buildSettings = {
				ALWAYS_SEARCH_USER_PATHS = NO;
				CLANG_ANALYZER_NONNULL = YES;
				CLANG_ANALYZER_NUMBER_OBJECT_CONVERSION = YES_AGGRESSIVE;
				CLANG_CXX_LANGUAGE_STANDARD = "gnu++20";
				CLANG_ENABLE_MODULES = YES;
				CLANG_ENABLE_OBJC_ARC = YES;
				CLANG_ENABLE_OBJC_WEAK = YES;
				CLANG_WARN_BLOCK_CAPTURE_AUTORELEASING = YES;
				CLANG_WARN_BOOL_CONVERSION = YES;
				CLANG_WARN_COMMA = YES;
				CLANG_WARN_CONSTANT_CONVERSION = YES;
				CLANG_WARN_DEPRECATED_OBJC_IMPLEMENTATIONS = YES;
				CLANG_WARN_DIRECT_OBJC_ISA_USAGE = YES_ERROR;
				CLANG_WARN_DOCUMENTATION_COMMENTS = YES;
				CLANG_WARN_EMPTY_BODY = YES;
				CLANG_WARN_ENUM_CONVERSION = YES;
				CLANG_WARN_INFINITE_RECURSION = YES;
				CLANG_WARN_INT_CONVERSION = YES;
				CLANG_WARN_NON_LITERAL_NULL_CONVERSION = YES;
				CLANG_WARN_OBJC_IMPLICIT_RETAIN_SELF = YES;
				CLANG_WARN_OBJC_LITERAL_CONVERSION = YES;
				CLANG_WARN_OBJC_ROOT_CLASS = YES_ERROR;
				CLANG_WARN_QUOTED_INCLUDE_IN_FRAMEWORK_HEADER = YES;
				CLANG_WARN_RANGE_LOOP_ANALYSIS = YES;
				CLANG_WARN_STRICT_PROTOTYPES = YES;
				CLANG_WARN_SUSPICIOUS_MOVE = YES;
				CLANG_WARN_UNGUARDED_AVAILABILITY = YES_AGGRESSIVE;
				CLANG_WARN_UNREACHABLE_CODE = YES;
				CLANG_WARN__DUPLICATE_METHOD_MATCH = YES;
				COPY_PHASE_STRIP = NO;
				DEBUG_INFORMATION_FORMAT = dwarf;
				ENABLE_STRICT_OBJC_MSGSEND = YES;
				ENABLE_TESTABILITY = YES;
				GCC_C_LANGUAGE_STANDARD = gnu11;
				GCC_DYNAMIC_NO_PIC = NO;
				GCC_NO_COMMON_BLOCKS = YES;
				GCC_OPTIMIZATION_LEVEL = 0;
				GCC_PREPROCESSOR_DEFINITIONS = (
					"DEBUG=1",
					"$(inherited)",
				);
				GCC_WARN_64_TO_32_BIT_CONVERSION = YES;
				GCC_WARN_ABOUT_RETURN_TYPE = YES_ERROR;
				GCC_WARN_UNDECLARED_SELECTOR = YES;
				GCC_WARN_UNINITIALIZED_AUTOS = YES_AGGRESSIVE;
				GCC_WARN_UNUSED_FUNCTION = YES;
				GCC_WARN_UNUSED_VARIABLE = YES;
				MACOSX_DEPLOYMENT_TARGET = 12.3;
				MTL_ENABLE_DEBUG_INFO = INCLUDE_SOURCE;
				MTL_FAST_MATH = YES;
				ONLY_ACTIVE_ARCH = YES;
				SDKROOT = macosx;
				SWIFT_ACTIVE_COMPILATION_CONDITIONS = DEBUG;
				SWIFT_OPTIMIZATION_LEVEL = "-Onone";
			};
			name = Debug;
		};
		E149A86929AA931F00A01833 /* Release */ = {
			isa = XCBuildConfiguration;
			buildSettings = {
				ALWAYS_SEARCH_USER_PATHS = NO;
				CLANG_ANALYZER_NONNULL = YES;
				CLANG_ANALYZER_NUMBER_OBJECT_CONVERSION = YES_AGGRESSIVE;
				CLANG_CXX_LANGUAGE_STANDARD = "gnu++20";
				CLANG_ENABLE_MODULES = YES;
				CLANG_ENABLE_OBJC_ARC = YES;
				CLANG_ENABLE_OBJC_WEAK = YES;
				CLANG_WARN_BLOCK_CAPTURE_AUTORELEASING = YES;
				CLANG_WARN_BOOL_CONVERSION = YES;
				CLANG_WARN_COMMA = YES;
				CLANG_WARN_CONSTANT_CONVERSION = YES;
				CLANG_WARN_DEPRECATED_OBJC_IMPLEMENTATIONS = YES;
				CLANG_WARN_DIRECT_OBJC_ISA_USAGE = YES_ERROR;
				CLANG_WARN_DOCUMENTATION_COMMENTS = YES;
				CLANG_WARN_EMPTY_BODY = YES;
				CLANG_WARN_ENUM_CONVERSION = YES;
				CLANG_WARN_INFINITE_RECURSION = YES;
				CLANG_WARN_INT_CONVERSION = YES;
				CLANG_WARN_NON_LITERAL_NULL_CONVERSION = YES;
				CLANG_WARN_OBJC_IMPLICIT_RETAIN_SELF = YES;
				CLANG_WARN_OBJC_LITERAL_CONVERSION = YES;
				CLANG_WARN_OBJC_ROOT_CLASS = YES_ERROR;
				CLANG_WARN_QUOTED_INCLUDE_IN_FRAMEWORK_HEADER = YES;
				CLANG_WARN_RANGE_LOOP_ANALYSIS = YES;
				CLANG_WARN_STRICT_PROTOTYPES = YES;
				CLANG_WARN_SUSPICIOUS_MOVE = YES;
				CLANG_WARN_UNGUARDED_AVAILABILITY = YES_AGGRESSIVE;
				CLANG_WARN_UNREACHABLE_CODE = YES;
				CLANG_WARN__DUPLICATE_METHOD_MATCH = YES;
				COPY_PHASE_STRIP = NO;
				DEBUG_INFORMATION_FORMAT = "dwarf-with-dsym";
				ENABLE_NS_ASSERTIONS = NO;
				ENABLE_STRICT_OBJC_MSGSEND = YES;
				GCC_C_LANGUAGE_STANDARD = gnu11;
				GCC_NO_COMMON_BLOCKS = YES;
				GCC_WARN_64_TO_32_BIT_CONVERSION = YES;
				GCC_WARN_ABOUT_RETURN_TYPE = YES_ERROR;
				GCC_WARN_UNDECLARED_SELECTOR = YES;
				GCC_WARN_UNINITIALIZED_AUTOS = YES_AGGRESSIVE;
				GCC_WARN_UNUSED_FUNCTION = YES;
				GCC_WARN_UNUSED_VARIABLE = YES;
				MACOSX_DEPLOYMENT_TARGET = 12.3;
				MTL_ENABLE_DEBUG_INFO = NO;
				MTL_FAST_MATH = YES;
				SDKROOT = macosx;
				SWIFT_COMPILATION_MODE = wholemodule;
				SWIFT_OPTIMIZATION_LEVEL = "-O";
			};
			name = Release;
		};
		E149A86B29AA931F00A01833 /* Debug */ = {
			isa = XCBuildConfiguration;
			baseConfigurationReference = E26983BF5E95ADCFBD988422 /* Pods-Screenshot Analysis.debug.xcconfig */;
			buildSettings = {
				ASSETCATALOG_COMPILER_APPICON_NAME = AppIcon;
				ASSETCATALOG_COMPILER_GLOBAL_ACCENT_COLOR_NAME = AccentColor;
				CODE_SIGN_ENTITLEMENTS = "Screenshot Analysis/Screenshot_Analysis.entitlements";
				CODE_SIGN_STYLE = Automatic;
				COMBINE_HIDPI_IMAGES = YES;
				CURRENT_PROJECT_VERSION = 1;
				DEVELOPMENT_ASSET_PATHS = "\"Screenshot Analysis/Preview Content\"";
				DEVELOPMENT_TEAM = 3V593WX43L;
				ENABLE_HARDENED_RUNTIME = YES;
				ENABLE_PREVIEWS = YES;
				GENERATE_INFOPLIST_FILE = YES;
				INFOPLIST_KEY_NSHumanReadableCopyright = "";
				LD_RUNPATH_SEARCH_PATHS = (
					"$(inherited)",
					"@executable_path/../Frameworks",
				);
				MARKETING_VERSION = 1.0;
				PRODUCT_BUNDLE_IDENTIFIER = "Avinash-Jain.Screenshot-Analysis";
				PRODUCT_NAME = "$(TARGET_NAME)";
				SWIFT_EMIT_LOC_STRINGS = YES;
				SWIFT_VERSION = 5.0;
			};
			name = Debug;
		};
		E149A86C29AA931F00A01833 /* Release */ = {
			isa = XCBuildConfiguration;
			baseConfigurationReference = D04C322E4A9101A7C96FFE48 /* Pods-Screenshot Analysis.release.xcconfig */;
			buildSettings = {
				ASSETCATALOG_COMPILER_APPICON_NAME = AppIcon;
				ASSETCATALOG_COMPILER_GLOBAL_ACCENT_COLOR_NAME = AccentColor;
				CODE_SIGN_ENTITLEMENTS = "Screenshot Analysis/Screenshot_Analysis.entitlements";
				CODE_SIGN_STYLE = Automatic;
				COMBINE_HIDPI_IMAGES = YES;
				CURRENT_PROJECT_VERSION = 1;
				DEVELOPMENT_ASSET_PATHS = "\"Screenshot Analysis/Preview Content\"";
				DEVELOPMENT_TEAM = 3V593WX43L;
				ENABLE_HARDENED_RUNTIME = YES;
				ENABLE_PREVIEWS = YES;
				GENERATE_INFOPLIST_FILE = YES;
				INFOPLIST_KEY_NSHumanReadableCopyright = "";
				LD_RUNPATH_SEARCH_PATHS = (
					"$(inherited)",
					"@executable_path/../Frameworks",
				);
				MARKETING_VERSION = 1.0;
				PRODUCT_BUNDLE_IDENTIFIER = "Avinash-Jain.Screenshot-Analysis";
				PRODUCT_NAME = "$(TARGET_NAME)";
				SWIFT_EMIT_LOC_STRINGS = YES;
				SWIFT_VERSION = 5.0;
			};
			name = Release;
		};
/* End XCBuildConfiguration section */

/* Begin XCConfigurationList section */
		E149A85629AA931E00A01833 /* Build configuration list for PBXProject "Screenshot Analysis" */ = {
			isa = XCConfigurationList;
			buildConfigurations = (
				E149A86829AA931F00A01833 /* Debug */,
				E149A86929AA931F00A01833 /* Release */,
			);
			defaultConfigurationIsVisible = 0;
			defaultConfigurationName = Release;
		};
		E149A86A29AA931F00A01833 /* Build configuration list for PBXNativeTarget "Screenshot Analysis" */ = {
			isa = XCConfigurationList;
			buildConfigurations = (
				E149A86B29AA931F00A01833 /* Debug */,
				E149A86C29AA931F00A01833 /* Release */,
			);
			defaultConfigurationIsVisible = 0;
			defaultConfigurationName = Release;
		};
/* End XCConfigurationList section */
	};
	rootObject = E149A85329AA931E00A01833 /* Project object */;
}
